
Microsoft Visual Studio Solution File, Format Version 12.00
# Visual Studio Version 17
VisualStudioVersion = 17.14.36616.10
MinimumVisualStudioVersion = 10.0.40219.1
Project("{2150E333-8FDC-42A3-9474-1A3956D46DE8}") = "Gateway", "Gateway", "{E7BDDBC6-9FD1-D1D7-ACD8-2C4F8E3D2461}"
EndProject
Project("{FAE04EC0-301F-11D3-BF4B-00C04F79EFBC}") = "Gateway.Api", "Gateway\Gateway.Api\Gateway.Api.csproj", "{E897D7B8-4F8D-4BFC-9789-ACFF272AD79C}"
EndProject
Project("{FAE04EC0-301F-11D3-BF4B-00C04F79EFBC}") = "Gateway.Application", "Gateway\Gateway.Application\Gateway.Application.csproj", "{DE65ECB4-2B41-4DCA-95B0-7E6A90B16422}"
EndProject
Project("{FAE04EC0-301F-11D3-BF4B-00C04F79EFBC}") = "Gateway.Domain", "Gateway\Gateway.Domain\Gateway.Domain.csproj", "{15B9FAC8-843C-47C5-9F4F-140EFB52010B}"
EndProject
Project("{FAE04EC0-301F-11D3-BF4B-00C04F79EFBC}") = "Gateway.Infrastructure", "Gateway\Gateway.Infrastructure\Gateway.Infrastructure.csproj", "{EC3EB6EA-3B47-4033-B103-FE71980A4A43}"
EndProject
Project("{2150E333-8FDC-42A3-9474-1A3956D46DE8}") = "TaskService", "TaskService", "{CBBE3A7C-F29C-763E-FA3C-5FB0F6B21139}"
EndProject
Project("{FAE04EC0-301F-11D3-BF4B-00C04F79EFBC}") = "TaskService.Api", "TaskService\TaskService.Api\TaskService.Api.csproj", "{8DF1DF72-0A5E-4A50-B0B7-441A8B64DBFC}"
EndProject
Project("{FAE04EC0-301F-11D3-BF4B-00C04F79EFBC}") = "TaskService.Application", "TaskService\TaskService.Application\TaskService.Application.csproj", "{5AB00C91-0EFB-43DC-848B-E8CEB17D554B}"
EndProject
Project("{FAE04EC0-301F-11D3-BF4B-00C04F79EFBC}") = "TaskService.Domain", "TaskService\TaskService.Domain\TaskService.Domain.csproj", "{2C20E335-74E3-4A55-AB2F-9EB1E45DC4B0}"
EndProject
Project("{FAE04EC0-301F-11D3-BF4B-00C04F79EFBC}") = "TaskService.Infrastructure", "TaskService\TaskService.Infrastructure\TaskService.Infrastructure.csproj", "{AE58E358-7DED-4919-9E53-16C0FA76F773}"
EndProject
Project("{2150E333-8FDC-42A3-9474-1A3956D46DE8}") = "UserService", "UserService", "{C0127DB6-3CA8-EE98-7726-A4993E48C5D4}"
EndProject
Project("{FAE04EC0-301F-11D3-BF4B-00C04F79EFBC}") = "UserService.Api", "UserService\UserService.Api\UserService.Api.csproj", "{351A1D55-3FF3-42FF-AF41-01F7EB8034C9}"
EndProject
Project("{FAE04EC0-301F-11D3-BF4B-00C04F79EFBC}") = "UserService.Application", "UserService\UserService.Application\UserService.Application.csproj", "{A9D101C2-E516-4446-972F-F635AE353739}"
EndProject
Project("{FAE04EC0-301F-11D3-BF4B-00C04F79EFBC}") = "UserService.Domain", "UserService\UserService.Domain\UserService.Domain.csproj", "{80F95EF3-8E5B-476B-9FDF-2865A5210464}"
EndProject
Project("{FAE04EC0-301F-11D3-BF4B-00C04F79EFBC}") = "UserService.Infrastructure", "UserService\UserService.Infrastructure\UserService.Infrastructure.csproj", "{C6912654-20DE-41B1-B2F6-3FC7F58E224B}"
EndProject
Global
	GlobalSection(SolutionConfigurationPlatforms) = preSolution
		Debug|Any CPU = Debug|Any CPU
		Debug|x64 = Debug|x64
		Debug|x86 = Debug|x86
		Release|Any CPU = Release|Any CPU
		Release|x64 = Release|x64
		Release|x86 = Release|x86
	EndGlobalSection
	GlobalSection(ProjectConfigurationPlatforms) = postSolution
		{E897D7B8-4F8D-4BFC-9789-ACFF272AD79C}.Debug|Any CPU.ActiveCfg = Debug|Any CPU
		{E897D7B8-4F8D-4BFC-9789-ACFF272AD79C}.Debug|Any CPU.Build.0 = Debug|Any CPU
		{E897D7B8-4F8D-4BFC-9789-ACFF272AD79C}.Debug|x64.ActiveCfg = Debug|Any CPU
		{E897D7B8-4F8D-4BFC-9789-ACFF272AD79C}.Debug|x64.Build.0 = Debug|Any CPU
		{E897D7B8-4F8D-4BFC-9789-ACFF272AD79C}.Debug|x86.ActiveCfg = Debug|Any CPU
		{E897D7B8-4F8D-4BFC-9789-ACFF272AD79C}.Debug|x86.Build.0 = Debug|Any CPU
		{E897D7B8-4F8D-4BFC-9789-ACFF272AD79C}.Release|Any CPU.ActiveCfg = Release|Any CPU
		{E897D7B8-4F8D-4BFC-9789-ACFF272AD79C}.Release|Any CPU.Build.0 = Release|Any CPU
		{E897D7B8-4F8D-4BFC-9789-ACFF272AD79C}.Release|x64.ActiveCfg = Release|Any CPU
		{E897D7B8-4F8D-4BFC-9789-ACFF272AD79C}.Release|x64.Build.0 = Release|Any CPU
		{E897D7B8-4F8D-4BFC-9789-ACFF272AD79C}.Release|x86.ActiveCfg = Release|Any CPU
		{E897D7B8-4F8D-4BFC-9789-ACFF272AD79C}.Release|x86.Build.0 = Release|Any CPU
		{DE65ECB4-2B41-4DCA-95B0-7E6A90B16422}.Debug|Any CPU.ActiveCfg = Debug|Any CPU
		{DE65ECB4-2B41-4DCA-95B0-7E6A90B16422}.Debug|Any CPU.Build.0 = Debug|Any CPU
		{DE65ECB4-2B41-4DCA-95B0-7E6A90B16422}.Debug|x64.ActiveCfg = Debug|Any CPU
		{DE65ECB4-2B41-4DCA-95B0-7E6A90B16422}.Debug|x64.Build.0 = Debug|Any CPU
		{DE65ECB4-2B41-4DCA-95B0-7E6A90B16422}.Debug|x86.ActiveCfg = Debug|Any CPU
		{DE65ECB4-2B41-4DCA-95B0-7E6A90B16422}.Debug|x86.Build.0 = Debug|Any CPU
		{DE65ECB4-2B41-4DCA-95B0-7E6A90B16422}.Release|Any CPU.ActiveCfg = Release|Any CPU
		{DE65ECB4-2B41-4DCA-95B0-7E6A90B16422}.Release|Any CPU.Build.0 = Release|Any CPU
		{DE65ECB4-2B41-4DCA-95B0-7E6A90B16422}.Release|x64.ActiveCfg = Release|Any CPU
		{DE65ECB4-2B41-4DCA-95B0-7E6A90B16422}.Release|x64.Build.0 = Release|Any CPU
		{DE65ECB4-2B41-4DCA-95B0-7E6A90B16422}.Release|x86.ActiveCfg = Release|Any CPU
		{DE65ECB4-2B41-4DCA-95B0-7E6A90B16422}.Release|x86.Build.0 = Release|Any CPU
		{15B9FAC8-843C-47C5-9F4F-140EFB52010B}.Debug|Any CPU.ActiveCfg = Debug|Any CPU
		{15B9FAC8-843C-47C5-9F4F-140EFB52010B}.Debug|Any CPU.Build.0 = Debug|Any CPU
		{15B9FAC8-843C-47C5-9F4F-140EFB52010B}.Debug|x64.ActiveCfg = Debug|Any CPU
		{15B9FAC8-843C-47C5-9F4F-140EFB52010B}.Debug|x64.Build.0 = Debug|Any CPU
		{15B9FAC8-843C-47C5-9F4F-140EFB52010B}.Debug|x86.ActiveCfg = Debug|Any CPU
		{15B9FAC8-843C-47C5-9F4F-140EFB52010B}.Debug|x86.Build.0 = Debug|Any CPU
		{15B9FAC8-843C-47C5-9F4F-140EFB52010B}.Release|Any CPU.ActiveCfg = Release|Any CPU
		{15B9FAC8-843C-47C5-9F4F-140EFB52010B}.Release|Any CPU.Build.0 = Release|Any CPU
		{15B9FAC8-843C-47C5-9F4F-140EFB52010B}.Release|x64.ActiveCfg = Release|Any CPU
		{15B9FAC8-843C-47C5-9F4F-140EFB52010B}.Release|x64.Build.0 = Release|Any CPU
		{15B9FAC8-843C-47C5-9F4F-140EFB52010B}.Release|x86.ActiveCfg = Release|Any CPU
		{15B9FAC8-843C-47C5-9F4F-140EFB52010B}.Release|x86.Build.0 = Release|Any CPU
		{EC3EB6EA-3B47-4033-B103-FE71980A4A43}.Debug|Any CPU.ActiveCfg = Debug|Any CPU
		{EC3EB6EA-3B47-4033-B103-FE71980A4A43}.Debug|Any CPU.Build.0 = Debug|Any CPU
		{EC3EB6EA-3B47-4033-B103-FE71980A4A43}.Debug|x64.ActiveCfg = Debug|Any CPU
		{EC3EB6EA-3B47-4033-B103-FE71980A4A43}.Debug|x64.Build.0 = Debug|Any CPU
		{EC3EB6EA-3B47-4033-B103-FE71980A4A43}.Debug|x86.ActiveCfg = Debug|Any CPU
		{EC3EB6EA-3B47-4033-B103-FE71980A4A43}.Debug|x86.Build.0 = Debug|Any CPU
		{EC3EB6EA-3B47-4033-B103-FE71980A4A43}.Release|Any CPU.ActiveCfg = Release|Any CPU
		{EC3EB6EA-3B47-4033-B103-FE71980A4A43}.Release|Any CPU.Build.0 = Release|Any CPU
		{EC3EB6EA-3B47-4033-B103-FE71980A4A43}.Release|x64.ActiveCfg = Release|Any CPU
		{EC3EB6EA-3B47-4033-B103-FE71980A4A43}.Release|x64.Build.0 = Release|Any CPU
		{EC3EB6EA-3B47-4033-B103-FE71980A4A43}.Release|x86.ActiveCfg = Release|Any CPU
		{EC3EB6EA-3B47-4033-B103-FE71980A4A43}.Release|x86.Build.0 = Release|Any CPU
		{8DF1DF72-0A5E-4A50-B0B7-441A8B64DBFC}.Debug|Any CPU.ActiveCfg = Debug|Any CPU
		{8DF1DF72-0A5E-4A50-B0B7-441A8B64DBFC}.Debug|Any CPU.Build.0 = Debug|Any CPU
		{8DF1DF72-0A5E-4A50-B0B7-441A8B64DBFC}.Debug|x64.ActiveCfg = Debug|Any CPU
		{8DF1DF72-0A5E-4A50-B0B7-441A8B64DBFC}.Debug|x64.Build.0 = Debug|Any CPU
		{8DF1DF72-0A5E-4A50-B0B7-441A8B64DBFC}.Debug|x86.ActiveCfg = Debug|Any CPU
		{8DF1DF72-0A5E-4A50-B0B7-441A8B64DBFC}.Debug|x86.Build.0 = Debug|Any CPU
		{8DF1DF72-0A5E-4A50-B0B7-441A8B64DBFC}.Release|Any CPU.ActiveCfg = Release|Any CPU
		{8DF1DF72-0A5E-4A50-B0B7-441A8B64DBFC}.Release|Any CPU.Build.0 = Release|Any CPU
		{8DF1DF72-0A5E-4A50-B0B7-441A8B64DBFC}.Release|x64.ActiveCfg = Release|Any CPU
		{8DF1DF72-0A5E-4A50-B0B7-441A8B64DBFC}.Release|x64.Build.0 = Release|Any CPU
		{8DF1DF72-0A5E-4A50-B0B7-441A8B64DBFC}.Release|x86.ActiveCfg = Release|Any CPU
		{8DF1DF72-0A5E-4A50-B0B7-441A8B64DBFC}.Release|x86.Build.0 = Release|Any CPU
		{5AB00C91-0EFB-43DC-848B-E8CEB17D554B}.Debug|Any CPU.ActiveCfg = Debug|Any CPU
		{5AB00C91-0EFB-43DC-848B-E8CEB17D554B}.Debug|Any CPU.Build.0 = Debug|Any CPU
		{5AB00C91-0EFB-43DC-848B-E8CEB17D554B}.Debug|x64.ActiveCfg = Debug|Any CPU
		{5AB00C91-0EFB-43DC-848B-E8CEB17D554B}.Debug|x64.Build.0 = Debug|Any CPU
		{5AB00C91-0EFB-43DC-848B-E8CEB17D554B}.Debug|x86.ActiveCfg = Debug|Any CPU
		{5AB00C91-0EFB-43DC-848B-E8CEB17D554B}.Debug|x86.Build.0 = Debug|Any CPU
		{5AB00C91-0EFB-43DC-848B-E8CEB17D554B}.Release|Any CPU.ActiveCfg = Release|Any CPU
		{5AB00C91-0EFB-43DC-848B-E8CEB17D554B}.Release|Any CPU.Build.0 = Release|Any CPU
		{5AB00C91-0EFB-43DC-848B-E8CEB17D554B}.Release|x64.ActiveCfg = Release|Any CPU
		{5AB00C91-0EFB-43DC-848B-E8CEB17D554B}.Release|x64.Build.0 = Release|Any CPU
		{5AB00C91-0EFB-43DC-848B-E8CEB17D554B}.Release|x86.ActiveCfg = Release|Any CPU
		{5AB00C91-0EFB-43DC-848B-E8CEB17D554B}.Release|x86.Build.0 = Release|Any CPU
		{2C20E335-74E3-4A55-AB2F-9EB1E45DC4B0}.Debug|Any CPU.ActiveCfg = Debug|Any CPU
		{2C20E335-74E3-4A55-AB2F-9EB1E45DC4B0}.Debug|Any CPU.Build.0 = Debug|Any CPU
		{2C20E335-74E3-4A55-AB2F-9EB1E45DC4B0}.Debug|x64.ActiveCfg = Debug|Any CPU
		{2C20E335-74E3-4A55-AB2F-9EB1E45DC4B0}.Debug|x64.Build.0 = Debug|Any CPU
		{2C20E335-74E3-4A55-AB2F-9EB1E45DC4B0}.Debug|x86.ActiveCfg = Debug|Any CPU
		{2C20E335-74E3-4A55-AB2F-9EB1E45DC4B0}.Debug|x86.Build.0 = Debug|Any CPU
		{2C20E335-74E3-4A55-AB2F-9EB1E45DC4B0}.Release|Any CPU.ActiveCfg = Release|Any CPU
		{2C20E335-74E3-4A55-AB2F-9EB1E45DC4B0}.Release|Any CPU.Build.0 = Release|Any CPU
		{2C20E335-74E3-4A55-AB2F-9EB1E45DC4B0}.Release|x64.ActiveCfg = Release|Any CPU
		{2C20E335-74E3-4A55-AB2F-9EB1E45DC4B0}.Release|x64.Build.0 = Release|Any CPU
		{2C20E335-74E3-4A55-AB2F-9EB1E45DC4B0}.Release|x86.ActiveCfg = Release|Any CPU
		{2C20E335-74E3-4A55-AB2F-9EB1E45DC4B0}.Release|x86.Build.0 = Release|Any CPU
		{AE58E358-7DED-4919-9E53-16C0FA76F773}.Debug|Any CPU.ActiveCfg = Debug|Any CPU
		{AE58E358-7DED-4919-9E53-16C0FA76F773}.Debug|Any CPU.Build.0 = Debug|Any CPU
		{AE58E358-7DED-4919-9E53-16C0FA76F773}.Debug|x64.ActiveCfg = Debug|Any CPU
		{AE58E358-7DED-4919-9E53-16C0FA76F773}.Debug|x64.Build.0 = Debug|Any CPU
		{AE58E358-7DED-4919-9E53-16C0FA76F773}.Debug|x86.ActiveCfg = Debug|Any CPU
		{AE58E358-7DED-4919-9E53-16C0FA76F773}.Debug|x86.Build.0 = Debug|Any CPU
		{AE58E358-7DED-4919-9E53-16C0FA76F773}.Release|Any CPU.ActiveCfg = Release|Any CPU
		{AE58E358-7DED-4919-9E53-16C0FA76F773}.Release|Any CPU.Build.0 = Release|Any CPU
		{AE58E358-7DED-4919-9E53-16C0FA76F773}.Release|x64.ActiveCfg = Release|Any CPU
		{AE58E358-7DED-4919-9E53-16C0FA76F773}.Release|x64.Build.0 = Release|Any CPU
		{AE58E358-7DED-4919-9E53-16C0FA76F773}.Release|x86.ActiveCfg = Release|Any CPU
		{AE58E358-7DED-4919-9E53-16C0FA76F773}.Release|x86.Build.0 = Release|Any CPU
		{351A1D55-3FF3-42FF-AF41-01F7EB8034C9}.Debug|Any CPU.ActiveCfg = Debug|Any CPU
		{351A1D55-3FF3-42FF-AF41-01F7EB8034C9}.Debug|Any CPU.Build.0 = Debug|Any CPU
		{351A1D55-3FF3-42FF-AF41-01F7EB8034C9}.Debug|x64.ActiveCfg = Debug|Any CPU
		{351A1D55-3FF3-42FF-AF41-01F7EB8034C9}.Debug|x64.Build.0 = Debug|Any CPU
		{351A1D55-3FF3-42FF-AF41-01F7EB8034C9}.Debug|x86.ActiveCfg = Debug|Any CPU
		{351A1D55-3FF3-42FF-AF41-01F7EB8034C9}.Debug|x86.Build.0 = Debug|Any CPU
		{351A1D55-3FF3-42FF-AF41-01F7EB8034C9}.Release|Any CPU.ActiveCfg = Release|Any CPU
		{351A1D55-3FF3-42FF-AF41-01F7EB8034C9}.Release|Any CPU.Build.0 = Release|Any CPU
		{351A1D55-3FF3-42FF-AF41-01F7EB8034C9}.Release|x64.ActiveCfg = Release|Any CPU
		{351A1D55-3FF3-42FF-AF41-01F7EB8034C9}.Release|x64.Build.0 = Release|Any CPU
		{351A1D55-3FF3-42FF-AF41-01F7EB8034C9}.Release|x86.ActiveCfg = Release|Any CPU
		{351A1D55-3FF3-42FF-AF41-01F7EB8034C9}.Release|x86.Build.0 = Release|Any CPU
		{A9D101C2-E516-4446-972F-F635AE353739}.Debug|Any CPU.ActiveCfg = Debug|Any CPU
		{A9D101C2-E516-4446-972F-F635AE353739}.Debug|Any CPU.Build.0 = Debug|Any CPU
		{A9D101C2-E516-4446-972F-F635AE353739}.Debug|x64.ActiveCfg = Debug|Any CPU
		{A9D101C2-E516-4446-972F-F635AE353739}.Debug|x64.Build.0 = Debug|Any CPU
		{A9D101C2-E516-4446-972F-F635AE353739}.Debug|x86.ActiveCfg = Debug|Any CPU
		{A9D101C2-E516-4446-972F-F635AE353739}.Debug|x86.Build.0 = Debug|Any CPU
		{A9D101C2-E516-4446-972F-F635AE353739}.Release|Any CPU.ActiveCfg = Release|Any CPU
		{A9D101C2-E516-4446-972F-F635AE353739}.Release|Any CPU.Build.0 = Release|Any CPU
		{A9D101C2-E516-4446-972F-F635AE353739}.Release|x64.ActiveCfg = Release|Any CPU
		{A9D101C2-E516-4446-972F-F635AE353739}.Release|x64.Build.0 = Release|Any CPU
		{A9D101C2-E516-4446-972F-F635AE353739}.Release|x86.ActiveCfg = Release|Any CPU
		{A9D101C2-E516-4446-972F-F635AE353739}.Release|x86.Build.0 = Release|Any CPU
		{80F95EF3-8E5B-476B-9FDF-2865A5210464}.Debug|Any CPU.ActiveCfg = Debug|Any CPU
		{80F95EF3-8E5B-476B-9FDF-2865A5210464}.Debug|Any CPU.Build.0 = Debug|Any CPU
		{80F95EF3-8E5B-476B-9FDF-2865A5210464}.Debug|x64.ActiveCfg = Debug|Any CPU
		{80F95EF3-8E5B-476B-9FDF-2865A5210464}.Debug|x64.Build.0 = Debug|Any CPU
		{80F95EF3-8E5B-476B-9FDF-2865A5210464}.Debug|x86.ActiveCfg = Debug|Any CPU
		{80F95EF3-8E5B-476B-9FDF-2865A5210464}.Debug|x86.Build.0 = Debug|Any CPU
		{80F95EF3-8E5B-476B-9FDF-2865A5210464}.Release|Any CPU.ActiveCfg = Release|Any CPU
		{80F95EF3-8E5B-476B-9FDF-2865A5210464}.Release|Any CPU.Build.0 = Release|Any CPU
		{80F95EF3-8E5B-476B-9FDF-2865A5210464}.Release|x64.ActiveCfg = Release|Any CPU
		{80F95EF3-8E5B-476B-9FDF-2865A5210464}.Release|x64.Build.0 = Release|Any CPU
		{80F95EF3-8E5B-476B-9FDF-2865A5210464}.Release|x86.ActiveCfg = Release|Any CPU
		{80F95EF3-8E5B-476B-9FDF-2865A5210464}.Release|x86.Build.0 = Release|Any CPU
		{C6912654-20DE-41B1-B2F6-3FC7F58E224B}.Debug|Any CPU.ActiveCfg = Debug|Any CPU
		{C6912654-20DE-41B1-B2F6-3FC7F58E224B}.Debug|Any CPU.Build.0 = Debug|Any CPU
		{C6912654-20DE-41B1-B2F6-3FC7F58E224B}.Debug|x64.ActiveCfg = Debug|Any CPU
		{C6912654-20DE-41B1-B2F6-3FC7F58E224B}.Debug|x64.Build.0 = Debug|Any CPU
		{C6912654-20DE-41B1-B2F6-3FC7F58E224B}.Debug|x86.ActiveCfg = Debug|Any CPU
		{C6912654-20DE-41B1-B2F6-3FC7F58E224B}.Debug|x86.Build.0 = Debug|Any CPU
		{C6912654-20DE-41B1-B2F6-3FC7F58E224B}.Release|Any CPU.ActiveCfg = Release|Any CPU
		{C6912654-20DE-41B1-B2F6-3FC7F58E224B}.Release|Any CPU.Build.0 = Release|Any CPU
		{C6912654-20DE-41B1-B2F6-3FC7F58E224B}.Release|x64.ActiveCfg = Release|Any CPU
		{C6912654-20DE-41B1-B2F6-3FC7F58E224B}.Release|x64.Build.0 = Release|Any CPU
		{C6912654-20DE-41B1-B2F6-3FC7F58E224B}.Release|x86.ActiveCfg = Release|Any CPU
		{C6912654-20DE-41B1-B2F6-3FC7F58E224B}.Release|x86.Build.0 = Release|Any CPU
	EndGlobalSection
	GlobalSection(SolutionProperties) = preSolution
		HideSolutionNode = FALSE
	EndGlobalSection
	GlobalSection(NestedProjects) = preSolution
		{E897D7B8-4F8D-4BFC-9789-ACFF272AD79C} = {E7BDDBC6-9FD1-D1D7-ACD8-2C4F8E3D2461}
		{DE65ECB4-2B41-4DCA-95B0-7E6A90B16422} = {E7BDDBC6-9FD1-D1D7-ACD8-2C4F8E3D2461}
		{15B9FAC8-843C-47C5-9F4F-140EFB52010B} = {E7BDDBC6-9FD1-D1D7-ACD8-2C4F8E3D2461}
		{EC3EB6EA-3B47-4033-B103-FE71980A4A43} = {E7BDDBC6-9FD1-D1D7-ACD8-2C4F8E3D2461}
		{8DF1DF72-0A5E-4A50-B0B7-441A8B64DBFC} = {CBBE3A7C-F29C-763E-FA3C-5FB0F6B21139}
		{5AB00C91-0EFB-43DC-848B-E8CEB17D554B} = {CBBE3A7C-F29C-763E-FA3C-5FB0F6B21139}
		{2C20E335-74E3-4A55-AB2F-9EB1E45DC4B0} = {CBBE3A7C-F29C-763E-FA3C-5FB0F6B21139}
		{AE58E358-7DED-4919-9E53-16C0FA76F773} = {CBBE3A7C-F29C-763E-FA3C-5FB0F6B21139}
		{351A1D55-3FF3-42FF-AF41-01F7EB8034C9} = {C0127DB6-3CA8-EE98-7726-A4993E48C5D4}
		{A9D101C2-E516-4446-972F-F635AE353739} = {C0127DB6-3CA8-EE98-7726-A4993E48C5D4}
		{80F95EF3-8E5B-476B-9FDF-2865A5210464} = {C0127DB6-3CA8-EE98-7726-A4993E48C5D4}
		{C6912654-20DE-41B1-B2F6-3FC7F58E224B} = {C0127DB6-3CA8-EE98-7726-A4993E48C5D4}
	EndGlobalSection
	GlobalSection(ExtensibilityGlobals) = postSolution
		SolutionGuid = {6BF83B5E-0867-4692-85BD-33A8AC4B5C44}
	EndGlobalSection
EndGlobal
